
Microsoft Visual Studio Solution File, Format Version 12.00
# Visual Studio 15
VisualStudioVersion = 15.0.26730.16
MinimumVisualStudioVersion = 10.0.40219.1
Project("{FAE04EC0-301F-11D3-BF4B-00C04F79EFBC}") = "BlackJack", "BlackJack\BlackJack.csproj", "{B5A098C7-8599-45B5-BEF1-C497E5831A7E}"
EndProject
Project("{FAE04EC0-301F-11D3-BF4B-00C04F79EFBC}") = "BlackJack.Tests", "BlackJack.Tests\BlackJack.Tests.csproj", "{DE8C6E18-8B61-470B-8C79-75E2B01ED750}"
EndProject
Global
	GlobalSection(SolutionConfigurationPlatforms) = preSolution
		Debug|Any CPU = Debug|Any CPU
		Release|Any CPU = Release|Any CPU
	EndGlobalSection
	GlobalSection(ProjectConfigurationPlatforms) = postSolution
		{B5A098C7-8599-45B5-BEF1-C497E5831A7E}.Debug|Any CPU.ActiveCfg = Debug|Any CPU
		{B5A098C7-8599-45B5-BEF1-C497E5831A7E}.Debug|Any CPU.Build.0 = Debug|Any CPU
		{B5A098C7-8599-45B5-BEF1-C497E5831A7E}.Release|Any CPU.ActiveCfg = Release|Any CPU
		{B5A098C7-8599-45B5-BEF1-C497E5831A7E}.Release|Any CPU.Build.0 = Release|Any CPU
		{DE8C6E18-8B61-470B-8C79-75E2B01ED750}.Debug|Any CPU.ActiveCfg = Debug|Any CPU
		{DE8C6E18-8B61-470B-8C79-75E2B01ED750}.Debug|Any CPU.Build.0 = Debug|Any CPU
		{DE8C6E18-8B61-470B-8C79-75E2B01ED750}.Release|Any CPU.ActiveCfg = Release|Any CPU
		{DE8C6E18-8B61-470B-8C79-75E2B01ED750}.Release|Any CPU.Build.0 = Release|Any CPU
	EndGlobalSection
	GlobalSection(SolutionProperties) = preSolution
		HideSolutionNode = FALSE
	EndGlobalSection
	GlobalSection(ExtensibilityGlobals) = postSolution
		SolutionGuid = {6CF3458A-6AA1-4A60-95FC-31D2ECF99FD7}
	EndGlobalSection
EndGlobal
